// !$*UTF8*$!
{
	archiveVersion = 1;
	classes = {
	};
	objectVersion = 46;
	objects = {

/* Begin PBXBuildFile section */
		07DF6C08153318F500D00FCD /* KWMusicManager.m in Sources */ = {isa = PBXBuildFile; fileRef = 07DF6BDB153318F500D00FCD /* KWMusicManager.m */; };
		07DF6C09153318F500D00FCD /* tinymt32.c in Sources */ = {isa = PBXBuildFile; fileRef = 07DF6BDE153318F500D00FCD /* tinymt32.c */; };
		07DF6C0A153318F500D00FCD /* KWLayer.m in Sources */ = {isa = PBXBuildFile; fileRef = 07DF6BE2153318F500D00FCD /* KWLayer.m */; };
		07DF6C0B153318F500D00FCD /* KWState.m in Sources */ = {isa = PBXBuildFile; fileRef = 07DF6BE4153318F500D00FCD /* KWState.m */; };
		07DF6C0C153318F500D00FCD /* KWStateManager.m in Sources */ = {isa = PBXBuildFile; fileRef = 07DF6BE6153318F500D00FCD /* KWStateManager.m */; };
		07DF6C0D153318F500D00FCD /* CCSpriteExtension.m in Sources */ = {isa = PBXBuildFile; fileRef = 07DF6BE9153318F500D00FCD /* CCSpriteExtension.m */; };
		07DF6C0E153318F500D00FCD /* KWAnimation.m in Sources */ = {isa = PBXBuildFile; fileRef = 07DF6BEB153318F500D00FCD /* KWAnimation.m */; };
		07DF6C0F153318F500D00FCD /* KWGauge.m in Sources */ = {isa = PBXBuildFile; fileRef = 07DF6BED153318F500D00FCD /* KWGauge.m */; };
		07DF6C10153318F500D00FCD /* KWMessageWindow.m in Sources */ = {isa = PBXBuildFile; fileRef = 07DF6BEF153318F500D00FCD /* KWMessageWindow.m */; };
		07DF6C11153318F500D00FCD /* KWPieChart.m in Sources */ = {isa = PBXBuildFile; fileRef = 07DF6BF2153318F500D00FCD /* KWPieChart.m */; };
		07DF6C12153318F500D00FCD /* KWScrollLayer.m in Sources */ = {isa = PBXBuildFile; fileRef = 07DF6BF4153318F500D00FCD /* KWScrollLayer.m */; };
		07DF6C13153318F500D00FCD /* KWShadowLabelTTF.m in Sources */ = {isa = PBXBuildFile; fileRef = 07DF6BF6153318F500D00FCD /* KWShadowLabelTTF.m */; };
		07DF6C14153318F500D00FCD /* KWTimerLabel.m in Sources */ = {isa = PBXBuildFile; fileRef = 07DF6BF8153318F500D00FCD /* KWTimerLabel.m */; };
		07DF6C15153318F500D00FCD /* KWDrawingPrimitives.m in Sources */ = {isa = PBXBuildFile; fileRef = 07DF6BFB153318F500D00FCD /* KWDrawingPrimitives.m */; };
		07DF6C16153318F500D00FCD /* KWRandom.m in Sources */ = {isa = PBXBuildFile; fileRef = 07DF6BFD153318F500D00FCD /* KWRandom.m */; };
		07DF6C17153318F500D00FCD /* KWSingleton.m in Sources */ = {isa = PBXBuildFile; fileRef = 07DF6BFF153318F500D00FCD /* KWSingleton.m */; };
		07DF6C18153318F500D00FCD /* KWTimer.m in Sources */ = {isa = PBXBuildFile; fileRef = 07DF6C01153318F500D00FCD /* KWTimer.m */; };
		07DF6C19153318F500D00FCD /* KWUtility.m in Sources */ = {isa = PBXBuildFile; fileRef = 07DF6C03153318F500D00FCD /* KWUtility.m */; };
		07DF6C1A153318F500D00FCD /* KWVector.m in Sources */ = {isa = PBXBuildFile; fileRef = 07DF6C05153318F500D00FCD /* KWVector.m */; };
		07DF6C1B153318F500D00FCD /* NSArrayExtension.m in Sources */ = {isa = PBXBuildFile; fileRef = 07DF6C07153318F500D00FCD /* NSArrayExtension.m */; };
		07DF6C1F1533193D00D00FCD /* Fortress.m in Sources */ = {isa = PBXBuildFile; fileRef = 07DF6C1E1533193D00D00FCD /* Fortress.m */; };
		07E10A4A153320AB0059EF9B /* CCBodySprite.mm in Sources */ = {isa = PBXBuildFile; fileRef = 07E10A42153320AB0059EF9B /* CCBodySprite.mm */; settings = {COMPILER_FLAGS = "-fno-objc-arc"; }; };
		07E10A4B153320AB0059EF9B /* CCMotorSprite.mm in Sources */ = {isa = PBXBuildFile; fileRef = 07E10A45153320AB0059EF9B /* CCMotorSprite.mm */; settings = {COMPILER_FLAGS = "-fno-objc-arc"; }; };
		07E10A4C153320AB0059EF9B /* CCSpringSprite.mm in Sources */ = {isa = PBXBuildFile; fileRef = 07E10A47153320AB0059EF9B /* CCSpringSprite.mm */; settings = {COMPILER_FLAGS = "-fno-objc-arc"; }; };
		07E10A4D153320AB0059EF9B /* CCWorldLayer.mm in Sources */ = {isa = PBXBuildFile; fileRef = 07E10A49153320AB0059EF9B /* CCWorldLayer.mm */; settings = {COMPILER_FLAGS = "-fno-objc-arc"; }; };
		07E10A50153324070059EF9B /* EditLayer.mm in Sources */ = {isa = PBXBuildFile; fileRef = 07E10A4F153324070059EF9B /* EditLayer.mm */; };
		07E10A52153329A10059EF9B /* blocks.png in Resources */ = {isa = PBXBuildFile; fileRef = 07E10A51153329A10059EF9B /* blocks.png */; };
		07E10A55153478950059EF9B /* Asset.mm in Sources */ = {isa = PBXBuildFile; fileRef = 07E10A54153478950059EF9B /* Asset.mm */; };
		07E10A58153478F80059EF9B /* Block.mm in Sources */ = {isa = PBXBuildFile; fileRef = 07E10A57153478F80059EF9B /* Block.mm */; };
		07E10A5B153479100059EF9B /* Character.mm in Sources */ = {isa = PBXBuildFile; fileRef = 07E10A5A153479100059EF9B /* Character.mm */; };
		07E10A5E15347A830059EF9B /* AssetManager.mm in Sources */ = {isa = PBXBuildFile; fileRef = 07E10A5D15347A830059EF9B /* AssetManager.mm */; };
		07E10A61153496C80059EF9B /* MainLayer.mm in Sources */ = {isa = PBXBuildFile; fileRef = 07E10A60153496C80059EF9B /* MainLayer.mm */; };
		07E10A641534A6AA0059EF9B /* assets.lua in Resources */ = {isa = PBXBuildFile; fileRef = 07E10A631534A6AA0059EF9B /* assets.lua */; };
		07E10A681534A93E0059EF9B /* brick-hd.png in Resources */ = {isa = PBXBuildFile; fileRef = 07E10A661534A93E0059EF9B /* brick-hd.png */; };
		07E10A691534A93E0059EF9B /* brick.png in Resources */ = {isa = PBXBuildFile; fileRef = 07E10A671534A93E0059EF9B /* brick.png */; };
		07E10A6C153594AF0059EF9B /* Shooter.mm in Sources */ = {isa = PBXBuildFile; fileRef = 07E10A6B153594AF0059EF9B /* Shooter.mm */; };
		07E10A6F153623B10059EF9B /* Bullet.mm in Sources */ = {isa = PBXBuildFile; fileRef = 07E10A6E153623B10059EF9B /* Bullet.mm */; };
		07E10A72153627360059EF9B /* bullet.png in Resources */ = {isa = PBXBuildFile; fileRef = 07E10A71153627360059EF9B /* bullet.png */; };
		07E10A7415362C9F0059EF9B /* bullet-hd.png in Resources */ = {isa = PBXBuildFile; fileRef = 07E10A7315362C9F0059EF9B /* bullet-hd.png */; };
		07E10A77153630F40059EF9B /* Stage.mm in Sources */ = {isa = PBXBuildFile; fileRef = 07E10A76153630F40059EF9B /* Stage.mm */; };
		07E10A7D153692210059EF9B /* test.lua in Resources */ = {isa = PBXBuildFile; fileRef = 07E10A7C153692210059EF9B /* test.lua */; };
		DC193EB813B692D100500B56 /* GLES-Render.mm in Sources */ = {isa = PBXBuildFile; fileRef = DC193EB313B6872600500B56 /* GLES-Render.mm */; };
		DC193EBC13B6956F00500B56 /* ContactListener.mm in Sources */ = {isa = PBXBuildFile; fileRef = DC193EBB13B6956F00500B56 /* ContactListener.mm */; };
		DC193EC113B6969B00500B56 /* Author&License.txt in Resources */ = {isa = PBXBuildFile; fileRef = DC193EBF13B6969B00500B56 /* Author&License.txt */; };
		DC193EC313B6969B00500B56 /* dg_grounds32.png in Resources */ = {isa = PBXBuildFile; fileRef = DC193EC013B6969B00500B56 /* dg_grounds32.png */; };
		DC2A3EC4149A30B400EF78B0 /* Box2DDebugLayer.mm in Sources */ = {isa = PBXBuildFile; fileRef = DC2A3EC3149A30B400EF78B0 /* Box2DDebugLayer.mm */; };
		DC65615C13A969B600A7AC53 /* libbox2d-ios.a in Frameworks */ = {isa = PBXBuildFile; fileRef = DC65615013A969B600A7AC53 /* libbox2d-ios.a */; };
		DC65615D13A969B600A7AC53 /* libchipmunk-ios.a in Frameworks */ = {isa = PBXBuildFile; fileRef = DC65615113A969B600A7AC53 /* libchipmunk-ios.a */; };
		DC65615E13A969B600A7AC53 /* libchipmunk-spacemanager-ios.a in Frameworks */ = {isa = PBXBuildFile; fileRef = DC65615213A969B600A7AC53 /* libchipmunk-spacemanager-ios.a */; };
		DC65616013A969B600A7AC53 /* libcocos2d-extensions-ios.a in Frameworks */ = {isa = PBXBuildFile; fileRef = DC65615413A969B600A7AC53 /* libcocos2d-extensions-ios.a */; };
		DC65616113A969B600A7AC53 /* libcocos2d-ios.a in Frameworks */ = {isa = PBXBuildFile; fileRef = DC65615513A969B600A7AC53 /* libcocos2d-ios.a */; };
		DC65616213A969B600A7AC53 /* libcocos3d-ios.a in Frameworks */ = {isa = PBXBuildFile; fileRef = DC65615613A969B600A7AC53 /* libcocos3d-ios.a */; };
		DC65616313A969B600A7AC53 /* libcocosdenshion-ios.a in Frameworks */ = {isa = PBXBuildFile; fileRef = DC65615713A969B600A7AC53 /* libcocosdenshion-ios.a */; };
		DC65616413A969B600A7AC53 /* libkobold2d-ios.a in Frameworks */ = {isa = PBXBuildFile; fileRef = DC65615813A969B600A7AC53 /* libkobold2d-ios.a */; };
		DC65616513A969B600A7AC53 /* libobjectal-ios.a in Frameworks */ = {isa = PBXBuildFile; fileRef = DC65615913A969B600A7AC53 /* libobjectal-ios.a */; };
		DC65616613A969B600A7AC53 /* libsneakyinput-ios.a in Frameworks */ = {isa = PBXBuildFile; fileRef = DC65615A13A969B600A7AC53 /* libsneakyinput-ios.a */; };
		DC65616713A969B600A7AC53 /* libwax-ios.a in Frameworks */ = {isa = PBXBuildFile; fileRef = DC65615B13A969B600A7AC53 /* libwax-ios.a */; };
		DCC1A0FA13A94ED5005BD75D /* Default.png in Resources */ = {isa = PBXBuildFile; fileRef = DCC1A0F913A94ED5005BD75D /* Default.png */; };
		DCC1A0FC13A94ED5005BD75D /* fps_images.png in Resources */ = {isa = PBXBuildFile; fileRef = DCC1A0FB13A94ED5005BD75D /* fps_images.png */; };
		DCC1A0FE13A94ED5005BD75D /* Icon-72.png in Resources */ = {isa = PBXBuildFile; fileRef = DCC1A0FD13A94ED5005BD75D /* Icon-72.png */; };
		DCC1A10013A94ED5005BD75D /* Icon-Small-50.png in Resources */ = {isa = PBXBuildFile; fileRef = DCC1A0FF13A94ED5005BD75D /* Icon-Small-50.png */; };
		DCC1A10213A94ED5005BD75D /* Icon-Small.png in Resources */ = {isa = PBXBuildFile; fileRef = DCC1A10113A94ED5005BD75D /* Icon-Small.png */; };
		DCC1A10413A94ED5005BD75D /* Icon-Small@2x.png in Resources */ = {isa = PBXBuildFile; fileRef = DCC1A10313A94ED5005BD75D /* Icon-Small@2x.png */; };
		DCC1A10613A94ED5005BD75D /* Icon.png in Resources */ = {isa = PBXBuildFile; fileRef = DCC1A10513A94ED5005BD75D /* Icon.png */; };
		DCC1A10813A94ED5005BD75D /* Icon@2x.png in Resources */ = {isa = PBXBuildFile; fileRef = DCC1A10713A94ED5005BD75D /* Icon@2x.png */; };
		DCC1A10B13A94ED5005BD75D /* iTunesArtwork in Resources */ = {isa = PBXBuildFile; fileRef = DCC1A10A13A94ED5005BD75D /* iTunesArtwork */; };
		DCC1A3A913A94F1A005BD75D /* AppDelegate.m in Sources */ = {isa = PBXBuildFile; fileRef = DCC1A38E13A94F1A005BD75D /* AppDelegate.m */; };
		DCC1A3AB13A94F1A005BD75D /* PhysicsLayer.mm in Sources */ = {isa = PBXBuildFile; fileRef = DCC1A39013A94F1A005BD75D /* PhysicsLayer.mm */; };
		DCC1A3AD13A94F1A005BD75D /* main.m in Sources */ = {isa = PBXBuildFile; fileRef = DCC1A39113A94F1A005BD75D /* main.m */; };
		DCC1A3AF13A94F1A005BD75D /* config.lua in Resources */ = {isa = PBXBuildFile; fileRef = DCC1A39513A94F1A005BD75D /* config.lua */; };
/* End PBXBuildFile section */

/* Begin PBXFileReference section */
		07DF6BDA153318F500D00FCD /* KWMusicManager.h */ = {isa = PBXFileReference; fileEncoding = 4; lastKnownFileType = sourcecode.c.h; path = KWMusicManager.h; sourceTree = "<group>"; };
		07DF6BDB153318F500D00FCD /* KWMusicManager.m */ = {isa = PBXFileReference; fileEncoding = 4; lastKnownFileType = sourcecode.c.objc; path = KWMusicManager.m; sourceTree = "<group>"; };
		07DF6BDC153318F500D00FCD /* heqet.h */ = {isa = PBXFileReference; fileEncoding = 4; lastKnownFileType = sourcecode.c.h; path = heqet.h; sourceTree = "<group>"; };
		07DF6BDE153318F500D00FCD /* tinymt32.c */ = {isa = PBXFileReference; fileEncoding = 4; lastKnownFileType = sourcecode.c.c; path = tinymt32.c; sourceTree = "<group>"; };
		07DF6BDF153318F500D00FCD /* tinymt32.h */ = {isa = PBXFileReference; fileEncoding = 4; lastKnownFileType = sourcecode.c.h; path = tinymt32.h; sourceTree = "<group>"; };
		07DF6BE1153318F500D00FCD /* KWLayer.h */ = {isa = PBXFileReference; fileEncoding = 4; lastKnownFileType = sourcecode.c.h; path = KWLayer.h; sourceTree = "<group>"; };
		07DF6BE2153318F500D00FCD /* KWLayer.m */ = {isa = PBXFileReference; fileEncoding = 4; lastKnownFileType = sourcecode.c.objc; path = KWLayer.m; sourceTree = "<group>"; };
		07DF6BE3153318F500D00FCD /* KWState.h */ = {isa = PBXFileReference; fileEncoding = 4; lastKnownFileType = sourcecode.c.h; path = KWState.h; sourceTree = "<group>"; };
		07DF6BE4153318F500D00FCD /* KWState.m */ = {isa = PBXFileReference; fileEncoding = 4; lastKnownFileType = sourcecode.c.objc; path = KWState.m; sourceTree = "<group>"; };
		07DF6BE5153318F500D00FCD /* KWStateManager.h */ = {isa = PBXFileReference; fileEncoding = 4; lastKnownFileType = sourcecode.c.h; path = KWStateManager.h; sourceTree = "<group>"; };
		07DF6BE6153318F500D00FCD /* KWStateManager.m */ = {isa = PBXFileReference; fileEncoding = 4; lastKnownFileType = sourcecode.c.objc; path = KWStateManager.m; sourceTree = "<group>"; };
		07DF6BE8153318F500D00FCD /* CCSpriteExtension.h */ = {isa = PBXFileReference; fileEncoding = 4; lastKnownFileType = sourcecode.c.h; path = CCSpriteExtension.h; sourceTree = "<group>"; };
		07DF6BE9153318F500D00FCD /* CCSpriteExtension.m */ = {isa = PBXFileReference; fileEncoding = 4; lastKnownFileType = sourcecode.c.objc; path = CCSpriteExtension.m; sourceTree = "<group>"; };
		07DF6BEA153318F500D00FCD /* KWAnimation.h */ = {isa = PBXFileReference; fileEncoding = 4; lastKnownFileType = sourcecode.c.h; path = KWAnimation.h; sourceTree = "<group>"; };
		07DF6BEB153318F500D00FCD /* KWAnimation.m */ = {isa = PBXFileReference; fileEncoding = 4; lastKnownFileType = sourcecode.c.objc; path = KWAnimation.m; sourceTree = "<group>"; };
		07DF6BEC153318F500D00FCD /* KWGauge.h */ = {isa = PBXFileReference; fileEncoding = 4; lastKnownFileType = sourcecode.c.h; path = KWGauge.h; sourceTree = "<group>"; };
		07DF6BED153318F500D00FCD /* KWGauge.m */ = {isa = PBXFileReference; fileEncoding = 4; lastKnownFileType = sourcecode.c.objc; path = KWGauge.m; sourceTree = "<group>"; };
		07DF6BEE153318F500D00FCD /* KWMessageWindow.h */ = {isa = PBXFileReference; fileEncoding = 4; lastKnownFileType = sourcecode.c.h; path = KWMessageWindow.h; sourceTree = "<group>"; };
		07DF6BEF153318F500D00FCD /* KWMessageWindow.m */ = {isa = PBXFileReference; fileEncoding = 4; lastKnownFileType = sourcecode.c.objc; path = KWMessageWindow.m; sourceTree = "<group>"; };
		07DF6BF0153318F500D00FCD /* KWMessageWindowDelegate.h */ = {isa = PBXFileReference; fileEncoding = 4; lastKnownFileType = sourcecode.c.h; path = KWMessageWindowDelegate.h; sourceTree = "<group>"; };
		07DF6BF1153318F500D00FCD /* KWPieChart.h */ = {isa = PBXFileReference; fileEncoding = 4; lastKnownFileType = sourcecode.c.h; path = KWPieChart.h; sourceTree = "<group>"; };
		07DF6BF2153318F500D00FCD /* KWPieChart.m */ = {isa = PBXFileReference; fileEncoding = 4; lastKnownFileType = sourcecode.c.objc; path = KWPieChart.m; sourceTree = "<group>"; };
		07DF6BF3153318F500D00FCD /* KWScrollLayer.h */ = {isa = PBXFileReference; fileEncoding = 4; lastKnownFileType = sourcecode.c.h; path = KWScrollLayer.h; sourceTree = "<group>"; };
		07DF6BF4153318F500D00FCD /* KWScrollLayer.m */ = {isa = PBXFileReference; fileEncoding = 4; lastKnownFileType = sourcecode.c.objc; path = KWScrollLayer.m; sourceTree = "<group>"; };
		07DF6BF5153318F500D00FCD /* KWShadowLabelTTF.h */ = {isa = PBXFileReference; fileEncoding = 4; lastKnownFileType = sourcecode.c.h; path = KWShadowLabelTTF.h; sourceTree = "<group>"; };
		07DF6BF6153318F500D00FCD /* KWShadowLabelTTF.m */ = {isa = PBXFileReference; fileEncoding = 4; lastKnownFileType = sourcecode.c.objc; path = KWShadowLabelTTF.m; sourceTree = "<group>"; };
		07DF6BF7153318F500D00FCD /* KWTimerLabel.h */ = {isa = PBXFileReference; fileEncoding = 4; lastKnownFileType = sourcecode.c.h; path = KWTimerLabel.h; sourceTree = "<group>"; };
		07DF6BF8153318F500D00FCD /* KWTimerLabel.m */ = {isa = PBXFileReference; fileEncoding = 4; lastKnownFileType = sourcecode.c.objc; path = KWTimerLabel.m; sourceTree = "<group>"; };
		07DF6BFA153318F500D00FCD /* KWDrawingPrimitives.h */ = {isa = PBXFileReference; fileEncoding = 4; lastKnownFileType = sourcecode.c.h; path = KWDrawingPrimitives.h; sourceTree = "<group>"; };
		07DF6BFB153318F500D00FCD /* KWDrawingPrimitives.m */ = {isa = PBXFileReference; fileEncoding = 4; lastKnownFileType = sourcecode.c.objc; path = KWDrawingPrimitives.m; sourceTree = "<group>"; };
		07DF6BFC153318F500D00FCD /* KWRandom.h */ = {isa = PBXFileReference; fileEncoding = 4; lastKnownFileType = sourcecode.c.h; path = KWRandom.h; sourceTree = "<group>"; };
		07DF6BFD153318F500D00FCD /* KWRandom.m */ = {isa = PBXFileReference; fileEncoding = 4; lastKnownFileType = sourcecode.c.objc; path = KWRandom.m; sourceTree = "<group>"; };
		07DF6BFE153318F500D00FCD /* KWSingleton.h */ = {isa = PBXFileReference; fileEncoding = 4; lastKnownFileType = sourcecode.c.h; path = KWSingleton.h; sourceTree = "<group>"; };
		07DF6BFF153318F500D00FCD /* KWSingleton.m */ = {isa = PBXFileReference; fileEncoding = 4; lastKnownFileType = sourcecode.c.objc; path = KWSingleton.m; sourceTree = "<group>"; };
		07DF6C00153318F500D00FCD /* KWTimer.h */ = {isa = PBXFileReference; fileEncoding = 4; lastKnownFileType = sourcecode.c.h; path = KWTimer.h; sourceTree = "<group>"; };
		07DF6C01153318F500D00FCD /* KWTimer.m */ = {isa = PBXFileReference; fileEncoding = 4; lastKnownFileType = sourcecode.c.objc; path = KWTimer.m; sourceTree = "<group>"; };
		07DF6C02153318F500D00FCD /* KWUtility.h */ = {isa = PBXFileReference; fileEncoding = 4; lastKnownFileType = sourcecode.c.h; path = KWUtility.h; sourceTree = "<group>"; };
		07DF6C03153318F500D00FCD /* KWUtility.m */ = {isa = PBXFileReference; fileEncoding = 4; lastKnownFileType = sourcecode.c.objc; path = KWUtility.m; sourceTree = "<group>"; };
		07DF6C04153318F500D00FCD /* KWVector.h */ = {isa = PBXFileReference; fileEncoding = 4; lastKnownFileType = sourcecode.c.h; path = KWVector.h; sourceTree = "<group>"; };
		07DF6C05153318F500D00FCD /* KWVector.m */ = {isa = PBXFileReference; fileEncoding = 4; lastKnownFileType = sourcecode.c.objc; path = KWVector.m; sourceTree = "<group>"; };
		07DF6C06153318F500D00FCD /* NSArrayExtension.h */ = {isa = PBXFileReference; fileEncoding = 4; lastKnownFileType = sourcecode.c.h; path = NSArrayExtension.h; sourceTree = "<group>"; };
		07DF6C07153318F500D00FCD /* NSArrayExtension.m */ = {isa = PBXFileReference; fileEncoding = 4; lastKnownFileType = sourcecode.c.objc; path = NSArrayExtension.m; sourceTree = "<group>"; };
		07DF6C1D1533193D00D00FCD /* Fortress.h */ = {isa = PBXFileReference; fileEncoding = 4; lastKnownFileType = sourcecode.c.h; name = Fortress.h; path = Model/Fortress.h; sourceTree = "<group>"; };
		07DF6C1E1533193D00D00FCD /* Fortress.m */ = {isa = PBXFileReference; fileEncoding = 4; lastKnownFileType = sourcecode.c.objc; name = Fortress.m; path = Model/Fortress.m; sourceTree = "<group>"; };
		07E10A41153320AB0059EF9B /* CCBodySprite.h */ = {isa = PBXFileReference; fileEncoding = 4; lastKnownFileType = sourcecode.c.h; path = CCBodySprite.h; sourceTree = "<group>"; };
		07E10A42153320AB0059EF9B /* CCBodySprite.mm */ = {isa = PBXFileReference; fileEncoding = 4; lastKnownFileType = sourcecode.cpp.objcpp; path = CCBodySprite.mm; sourceTree = "<group>"; };
		07E10A43153320AB0059EF9B /* CCBox2D.h */ = {isa = PBXFileReference; fileEncoding = 4; lastKnownFileType = sourcecode.c.h; path = CCBox2D.h; sourceTree = "<group>"; };
		07E10A44153320AB0059EF9B /* CCMotorSprite.h */ = {isa = PBXFileReference; fileEncoding = 4; lastKnownFileType = sourcecode.c.h; path = CCMotorSprite.h; sourceTree = "<group>"; };
		07E10A45153320AB0059EF9B /* CCMotorSprite.mm */ = {isa = PBXFileReference; fileEncoding = 4; lastKnownFileType = sourcecode.cpp.objcpp; path = CCMotorSprite.mm; sourceTree = "<group>"; };
		07E10A46153320AB0059EF9B /* CCSpringSprite.h */ = {isa = PBXFileReference; fileEncoding = 4; lastKnownFileType = sourcecode.c.h; path = CCSpringSprite.h; sourceTree = "<group>"; };
		07E10A47153320AB0059EF9B /* CCSpringSprite.mm */ = {isa = PBXFileReference; fileEncoding = 4; lastKnownFileType = sourcecode.cpp.objcpp; path = CCSpringSprite.mm; sourceTree = "<group>"; };
		07E10A48153320AB0059EF9B /* CCWorldLayer.h */ = {isa = PBXFileReference; fileEncoding = 4; lastKnownFileType = sourcecode.c.h; path = CCWorldLayer.h; sourceTree = "<group>"; };
		07E10A49153320AB0059EF9B /* CCWorldLayer.mm */ = {isa = PBXFileReference; fileEncoding = 4; lastKnownFileType = sourcecode.cpp.objcpp; path = CCWorldLayer.mm; sourceTree = "<group>"; };
		07E10A4E153324070059EF9B /* EditLayer.h */ = {isa = PBXFileReference; fileEncoding = 4; lastKnownFileType = sourcecode.c.h; path = EditLayer.h; sourceTree = "<group>"; };
		07E10A4F153324070059EF9B /* EditLayer.mm */ = {isa = PBXFileReference; fileEncoding = 4; lastKnownFileType = sourcecode.cpp.objcpp; path = EditLayer.mm; sourceTree = "<group>"; };
		07E10A51153329A10059EF9B /* blocks.png */ = {isa = PBXFileReference; lastKnownFileType = image.png; path = blocks.png; sourceTree = "<group>"; };
		07E10A53153478950059EF9B /* Asset.h */ = {isa = PBXFileReference; fileEncoding = 4; lastKnownFileType = sourcecode.c.h; name = Asset.h; path = Asset/Base/Asset.h; sourceTree = "<group>"; };
		07E10A54153478950059EF9B /* Asset.mm */ = {isa = PBXFileReference; fileEncoding = 4; lastKnownFileType = sourcecode.cpp.objcpp; name = Asset.mm; path = Asset/Base/Asset.mm; sourceTree = "<group>"; };
		07E10A56153478F80059EF9B /* Block.h */ = {isa = PBXFileReference; fileEncoding = 4; lastKnownFileType = sourcecode.c.h; name = Block.h; path = Asset/Base/Block.h; sourceTree = "<group>"; };
		07E10A57153478F80059EF9B /* Block.mm */ = {isa = PBXFileReference; fileEncoding = 4; lastKnownFileType = sourcecode.cpp.objcpp; name = Block.mm; path = Asset/Base/Block.mm; sourceTree = "<group>"; };
		07E10A59153479100059EF9B /* Character.h */ = {isa = PBXFileReference; fileEncoding = 4; lastKnownFileType = sourcecode.c.h; name = Character.h; path = Asset/Base/Character.h; sourceTree = "<group>"; };
		07E10A5A153479100059EF9B /* Character.mm */ = {isa = PBXFileReference; fileEncoding = 4; lastKnownFileType = sourcecode.cpp.objcpp; name = Character.mm; path = Asset/Base/Character.mm; sourceTree = "<group>"; };
		07E10A5C15347A830059EF9B /* AssetManager.h */ = {isa = PBXFileReference; fileEncoding = 4; lastKnownFileType = sourcecode.c.h; name = AssetManager.h; path = Asset/Base/AssetManager.h; sourceTree = "<group>"; };
		07E10A5D15347A830059EF9B /* AssetManager.mm */ = {isa = PBXFileReference; fileEncoding = 4; lastKnownFileType = sourcecode.cpp.objcpp; name = AssetManager.mm; path = Asset/Base/AssetManager.mm; sourceTree = "<group>"; };
		07E10A5F153496C80059EF9B /* MainLayer.h */ = {isa = PBXFileReference; fileEncoding = 4; lastKnownFileType = sourcecode.c.h; name = MainLayer.h; path = Layer/MainLayer.h; sourceTree = "<group>"; };
		07E10A60153496C80059EF9B /* MainLayer.mm */ = {isa = PBXFileReference; fileEncoding = 4; lastKnownFileType = sourcecode.cpp.objcpp; name = MainLayer.mm; path = Layer/MainLayer.mm; sourceTree = "<group>"; };
		07E10A631534A6AA0059EF9B /* assets.lua */ = {isa = PBXFileReference; fileEncoding = 4; lastKnownFileType = text; name = assets.lua; path = Data/assets.lua; sourceTree = "<group>"; };
		07E10A661534A93E0059EF9B /* brick-hd.png */ = {isa = PBXFileReference; lastKnownFileType = image.png; path = "brick-hd.png"; sourceTree = "<group>"; };
		07E10A671534A93E0059EF9B /* brick.png */ = {isa = PBXFileReference; lastKnownFileType = image.png; path = brick.png; sourceTree = "<group>"; };
		07E10A6A153594AF0059EF9B /* Shooter.h */ = {isa = PBXFileReference; fileEncoding = 4; lastKnownFileType = sourcecode.c.h; name = Shooter.h; path = Asset/Base/Shooter.h; sourceTree = "<group>"; };
		07E10A6B153594AF0059EF9B /* Shooter.mm */ = {isa = PBXFileReference; fileEncoding = 4; lastKnownFileType = sourcecode.cpp.objcpp; name = Shooter.mm; path = Asset/Base/Shooter.mm; sourceTree = "<group>"; };
		07E10A6D153623B00059EF9B /* Bullet.h */ = {isa = PBXFileReference; fileEncoding = 4; lastKnownFileType = sourcecode.c.h; name = Bullet.h; path = Weapon/Bullet.h; sourceTree = "<group>"; };
		07E10A6E153623B10059EF9B /* Bullet.mm */ = {isa = PBXFileReference; fileEncoding = 4; lastKnownFileType = sourcecode.cpp.objcpp; name = Bullet.mm; path = Weapon/Bullet.mm; sourceTree = "<group>"; };
		07E10A71153627360059EF9B /* bullet.png */ = {isa = PBXFileReference; lastKnownFileType = image.png; path = bullet.png; sourceTree = "<group>"; };
		07E10A7315362C9F0059EF9B /* bullet-hd.png */ = {isa = PBXFileReference; lastKnownFileType = image.png; path = "bullet-hd.png"; sourceTree = "<group>"; };
		07E10A75153630F40059EF9B /* Stage.h */ = {isa = PBXFileReference; fileEncoding = 4; lastKnownFileType = sourcecode.c.h; name = Stage.h; path = Model/Stage.h; sourceTree = "<group>"; };
		07E10A76153630F40059EF9B /* Stage.mm */ = {isa = PBXFileReference; fileEncoding = 4; lastKnownFileType = sourcecode.cpp.objcpp; name = Stage.mm; path = Model/Stage.mm; sourceTree = "<group>"; };
		07E10A7C153692210059EF9B /* test.lua */ = {isa = PBXFileReference; fileEncoding = 4; lastKnownFileType = text; name = test.lua; path = Data/Fortress/test.lua; sourceTree = "<group>"; };
		DC193EB213B6872600500B56 /* GLES-Render.h */ = {isa = PBXFileReference; fileEncoding = 4; lastKnownFileType = sourcecode.c.h; path = "GLES-Render.h"; sourceTree = "<group>"; };
		DC193EB313B6872600500B56 /* GLES-Render.mm */ = {isa = PBXFileReference; fileEncoding = 4; lastKnownFileType = sourcecode.cpp.objcpp; path = "GLES-Render.mm"; sourceTree = "<group>"; };
		DC193EBA13B6956F00500B56 /* ContactListener.h */ = {isa = PBXFileReference; fileEncoding = 4; lastKnownFileType = sourcecode.c.h; path = ContactListener.h; sourceTree = "<group>"; };
		DC193EBB13B6956F00500B56 /* ContactListener.mm */ = {isa = PBXFileReference; fileEncoding = 4; lastKnownFileType = sourcecode.cpp.objcpp; path = ContactListener.mm; sourceTree = "<group>"; };
		DC193EBF13B6969B00500B56 /* Author&License.txt */ = {isa = PBXFileReference; fileEncoding = 4; lastKnownFileType = text; path = "Author&License.txt"; sourceTree = "<group>"; };
		DC193EC013B6969B00500B56 /* dg_grounds32.png */ = {isa = PBXFileReference; lastKnownFileType = image.png; path = dg_grounds32.png; sourceTree = "<group>"; };
		DC2A3EC2149A30B400EF78B0 /* Box2DDebugLayer.h */ = {isa = PBXFileReference; fileEncoding = 4; lastKnownFileType = sourcecode.c.h; path = Box2DDebugLayer.h; sourceTree = "<group>"; };
		DC2A3EC3149A30B400EF78B0 /* Box2DDebugLayer.mm */ = {isa = PBXFileReference; fileEncoding = 4; lastKnownFileType = sourcecode.cpp.objcpp; path = Box2DDebugLayer.mm; sourceTree = "<group>"; };
		DC3BE97813B4FB71003739CC /* BuildSettings-iOS.xcconfig */ = {isa = PBXFileReference; lastKnownFileType = text.xcconfig; path = "BuildSettings-iOS.xcconfig"; sourceTree = "<group>"; };
		DC65615013A969B600A7AC53 /* libbox2d-ios.a */ = {isa = PBXFileReference; explicitFileType = archive.ar; path = "libbox2d-ios.a"; sourceTree = BUILT_PRODUCTS_DIR; };
		DC65615113A969B600A7AC53 /* libchipmunk-ios.a */ = {isa = PBXFileReference; explicitFileType = archive.ar; path = "libchipmunk-ios.a"; sourceTree = BUILT_PRODUCTS_DIR; };
		DC65615213A969B600A7AC53 /* libchipmunk-spacemanager-ios.a */ = {isa = PBXFileReference; explicitFileType = archive.ar; path = "libchipmunk-spacemanager-ios.a"; sourceTree = BUILT_PRODUCTS_DIR; };
		DC65615413A969B600A7AC53 /* libcocos2d-extensions-ios.a */ = {isa = PBXFileReference; explicitFileType = archive.ar; path = "libcocos2d-extensions-ios.a"; sourceTree = BUILT_PRODUCTS_DIR; };
		DC65615513A969B600A7AC53 /* libcocos2d-ios.a */ = {isa = PBXFileReference; explicitFileType = archive.ar; path = "libcocos2d-ios.a"; sourceTree = BUILT_PRODUCTS_DIR; };
		DC65615613A969B600A7AC53 /* libcocos3d-ios.a */ = {isa = PBXFileReference; explicitFileType = archive.ar; path = "libcocos3d-ios.a"; sourceTree = BUILT_PRODUCTS_DIR; };
		DC65615713A969B600A7AC53 /* libcocosdenshion-ios.a */ = {isa = PBXFileReference; explicitFileType = archive.ar; path = "libcocosdenshion-ios.a"; sourceTree = BUILT_PRODUCTS_DIR; };
		DC65615813A969B600A7AC53 /* libkobold2d-ios.a */ = {isa = PBXFileReference; explicitFileType = archive.ar; path = "libkobold2d-ios.a"; sourceTree = BUILT_PRODUCTS_DIR; };
		DC65615913A969B600A7AC53 /* libobjectal-ios.a */ = {isa = PBXFileReference; explicitFileType = archive.ar; path = "libobjectal-ios.a"; sourceTree = BUILT_PRODUCTS_DIR; };
		DC65615A13A969B600A7AC53 /* libsneakyinput-ios.a */ = {isa = PBXFileReference; explicitFileType = archive.ar; path = "libsneakyinput-ios.a"; sourceTree = BUILT_PRODUCTS_DIR; };
		DC65615B13A969B600A7AC53 /* libwax-ios.a */ = {isa = PBXFileReference; explicitFileType = archive.ar; path = "libwax-ios.a"; sourceTree = BUILT_PRODUCTS_DIR; };
		DC9C33E713B5024400931BF2 /* BuildSettings-Debug-Mac.xcconfig */ = {isa = PBXFileReference; lastKnownFileType = text.xcconfig; path = "BuildSettings-Debug-Mac.xcconfig"; sourceTree = "<group>"; };
		DC9C33E813B5024400931BF2 /* BuildSettings-Mac.xcconfig */ = {isa = PBXFileReference; lastKnownFileType = text.xcconfig; path = "BuildSettings-Mac.xcconfig"; sourceTree = "<group>"; };
		DC9C33E913B5024400931BF2 /* BuildSettings-Release-Mac.xcconfig */ = {isa = PBXFileReference; lastKnownFileType = text.xcconfig; path = "BuildSettings-Release-Mac.xcconfig"; sourceTree = "<group>"; };
		DCC1A0E313A94ED5005BD75D /* Fortress-iOS.app */ = {isa = PBXFileReference; explicitFileType = wrapper.application; includeInIndex = 0; path = "Fortress-iOS.app"; sourceTree = BUILT_PRODUCTS_DIR; };
		DCC1A0F913A94ED5005BD75D /* Default.png */ = {isa = PBXFileReference; lastKnownFileType = image.png; name = Default.png; path = Resources/Default.png; sourceTree = "<group>"; };
		DCC1A0FB13A94ED5005BD75D /* fps_images.png */ = {isa = PBXFileReference; lastKnownFileType = image.png; name = fps_images.png; path = Resources/fps_images.png; sourceTree = "<group>"; };
		DCC1A0FD13A94ED5005BD75D /* Icon-72.png */ = {isa = PBXFileReference; lastKnownFileType = image.png; name = "Icon-72.png"; path = "Resources/Icon-72.png"; sourceTree = "<group>"; };
		DCC1A0FF13A94ED5005BD75D /* Icon-Small-50.png */ = {isa = PBXFileReference; lastKnownFileType = image.png; name = "Icon-Small-50.png"; path = "Resources/Icon-Small-50.png"; sourceTree = "<group>"; };
		DCC1A10113A94ED5005BD75D /* Icon-Small.png */ = {isa = PBXFileReference; lastKnownFileType = image.png; name = "Icon-Small.png"; path = "Resources/Icon-Small.png"; sourceTree = "<group>"; };
		DCC1A10313A94ED5005BD75D /* Icon-Small@2x.png */ = {isa = PBXFileReference; lastKnownFileType = image.png; name = "Icon-Small@2x.png"; path = "Resources/Icon-Small@2x.png"; sourceTree = "<group>"; };
		DCC1A10513A94ED5005BD75D /* Icon.png */ = {isa = PBXFileReference; lastKnownFileType = image.png; name = Icon.png; path = Resources/Icon.png; sourceTree = "<group>"; };
		DCC1A10713A94ED5005BD75D /* Icon@2x.png */ = {isa = PBXFileReference; lastKnownFileType = image.png; name = "Icon@2x.png"; path = "Resources/Icon@2x.png"; sourceTree = "<group>"; };
		DCC1A10913A94ED5005BD75D /* Info.plist */ = {isa = PBXFileReference; lastKnownFileType = text.plist.xml; name = Info.plist; path = Resources/Info.plist; sourceTree = "<group>"; };
		DCC1A10A13A94ED5005BD75D /* iTunesArtwork */ = {isa = PBXFileReference; lastKnownFileType = file; name = iTunesArtwork; path = Resources/iTunesArtwork; sourceTree = "<group>"; };
		DCC1A26813A94EE6005BD75D /* English */ = {isa = PBXFileReference; lastKnownFileType = text.plist.strings; name = English; path = Resources/English.lproj/InfoPlist.strings; sourceTree = "<group>"; };
		DCC1A26B13A94EE6005BD75D /* English */ = {isa = PBXFileReference; lastKnownFileType = file.xib; name = English; path = Resources/English.lproj/MainMenu.xib; sourceTree = "<group>"; };
		DCC1A26D13A94EE6005BD75D /* fps_images.png */ = {isa = PBXFileReference; lastKnownFileType = image.png; name = fps_images.png; path = Resources/fps_images.png; sourceTree = "<group>"; };
		DCC1A26F13A94EE6005BD75D /* icon.icns */ = {isa = PBXFileReference; lastKnownFileType = image.icns; name = icon.icns; path = Resources/icon.icns; sourceTree = "<group>"; };
		DCC1A27113A94EE6005BD75D /* Info.plist */ = {isa = PBXFileReference; lastKnownFileType = text.plist.xml; name = Info.plist; path = Resources/Info.plist; sourceTree = "<group>"; };
		DCC1A38D13A94F1A005BD75D /* AppDelegate.h */ = {isa = PBXFileReference; fileEncoding = 4; lastKnownFileType = sourcecode.c.h; path = AppDelegate.h; sourceTree = "<group>"; };
		DCC1A38E13A94F1A005BD75D /* AppDelegate.m */ = {isa = PBXFileReference; fileEncoding = 4; lastKnownFileType = sourcecode.c.objc; path = AppDelegate.m; sourceTree = "<group>"; };
		DCC1A38F13A94F1A005BD75D /* PhysicsLayer.h */ = {isa = PBXFileReference; fileEncoding = 4; lastKnownFileType = sourcecode.c.h; path = PhysicsLayer.h; sourceTree = "<group>"; };
		DCC1A39013A94F1A005BD75D /* PhysicsLayer.mm */ = {isa = PBXFileReference; fileEncoding = 4; lastKnownFileType = sourcecode.cpp.objcpp; path = PhysicsLayer.mm; sourceTree = "<group>"; };
		DCC1A39113A94F1A005BD75D /* main.m */ = {isa = PBXFileReference; fileEncoding = 4; lastKnownFileType = sourcecode.c.objc; path = main.m; sourceTree = "<group>"; };
		DCC1A39213A94F1A005BD75D /* Prefix-iOS.pch */ = {isa = PBXFileReference; fileEncoding = 4; lastKnownFileType = sourcecode.c.h; path = "Prefix-iOS.pch"; sourceTree = "<group>"; };
		DCC1A39313A94F1A005BD75D /* Prefix-Mac.pch */ = {isa = PBXFileReference; fileEncoding = 4; lastKnownFileType = sourcecode.c.h; path = "Prefix-Mac.pch"; sourceTree = "<group>"; };
		DCC1A39513A94F1A005BD75D /* config.lua */ = {isa = PBXFileReference; explicitFileType = sourcecode.applescript; fileEncoding = 4; path = config.lua; sourceTree = "<group>"; };
		DCFA90EF13B4F6F7009DD35A /* BuildSettings-Debug-iOS.xcconfig */ = {isa = PBXFileReference; lastKnownFileType = text.xcconfig; path = "BuildSettings-Debug-iOS.xcconfig"; sourceTree = "<group>"; };
		DCFA90F013B4F811009DD35A /* BuildSettings-Release-iOS.xcconfig */ = {isa = PBXFileReference; lastKnownFileType = text.xcconfig; path = "BuildSettings-Release-iOS.xcconfig"; sourceTree = "<group>"; };
/* End PBXFileReference section */

/* Begin PBXFrameworksBuildPhase section */
		DCC1A0E013A94ED5005BD75D /* Frameworks */ = {
			isa = PBXFrameworksBuildPhase;
			buildActionMask = 2147483647;
			files = (
				DC65615C13A969B600A7AC53 /* libbox2d-ios.a in Frameworks */,
				DC65615D13A969B600A7AC53 /* libchipmunk-ios.a in Frameworks */,
				DC65615E13A969B600A7AC53 /* libchipmunk-spacemanager-ios.a in Frameworks */,
				DC65616013A969B600A7AC53 /* libcocos2d-extensions-ios.a in Frameworks */,
				DC65616113A969B600A7AC53 /* libcocos2d-ios.a in Frameworks */,
				DC65616213A969B600A7AC53 /* libcocos3d-ios.a in Frameworks */,
				DC65616313A969B600A7AC53 /* libcocosdenshion-ios.a in Frameworks */,
				DC65616413A969B600A7AC53 /* libkobold2d-ios.a in Frameworks */,
				DC65616513A969B600A7AC53 /* libobjectal-ios.a in Frameworks */,
				DC65616613A969B600A7AC53 /* libsneakyinput-ios.a in Frameworks */,
				DC65616713A969B600A7AC53 /* libwax-ios.a in Frameworks */,
			);
			runOnlyForDeploymentPostprocessing = 0;
		};
/* End PBXFrameworksBuildPhase section */

/* Begin PBXGroup section */
		07DF6B88153316B400D00FCD /* Layer */ = {
			isa = PBXGroup;
			children = (
				07E10A4E153324070059EF9B /* EditLayer.h */,
				07E10A4F153324070059EF9B /* EditLayer.mm */,
				07E10A5F153496C80059EF9B /* MainLayer.h */,
				07E10A60153496C80059EF9B /* MainLayer.mm */,
			);
			name = Layer;
			sourceTree = "<group>";
		};
		07DF6BD8153318F500D00FCD /* Heqet */ = {
			isa = PBXGroup;
			children = (
				07DF6BD9153318F500D00FCD /* audio */,
				07DF6BDC153318F500D00FCD /* heqet.h */,
				07DF6BDD153318F500D00FCD /* libs */,
				07DF6BE0153318F500D00FCD /* scene */,
				07DF6BE7153318F500D00FCD /* sprite */,
				07DF6BF9153318F500D00FCD /* util */,
			);
			name = Heqet;
			path = Heqet/Heqet;
			sourceTree = "<group>";
		};
		07DF6BD9153318F500D00FCD /* audio */ = {
			isa = PBXGroup;
			children = (
				07DF6BDA153318F500D00FCD /* KWMusicManager.h */,
				07DF6BDB153318F500D00FCD /* KWMusicManager.m */,
			);
			path = audio;
			sourceTree = "<group>";
		};
		07DF6BDD153318F500D00FCD /* libs */ = {
			isa = PBXGroup;
			children = (
				07DF6BDE153318F500D00FCD /* tinymt32.c */,
				07DF6BDF153318F500D00FCD /* tinymt32.h */,
			);
			path = libs;
			sourceTree = "<group>";
		};
		07DF6BE0153318F500D00FCD /* scene */ = {
			isa = PBXGroup;
			children = (
				07DF6BE1153318F500D00FCD /* KWLayer.h */,
				07DF6BE2153318F500D00FCD /* KWLayer.m */,
				07DF6BE3153318F500D00FCD /* KWState.h */,
				07DF6BE4153318F500D00FCD /* KWState.m */,
				07DF6BE5153318F500D00FCD /* KWStateManager.h */,
				07DF6BE6153318F500D00FCD /* KWStateManager.m */,
			);
			path = scene;
			sourceTree = "<group>";
		};
		07DF6BE7153318F500D00FCD /* sprite */ = {
			isa = PBXGroup;
			children = (
				07DF6BE8153318F500D00FCD /* CCSpriteExtension.h */,
				07DF6BE9153318F500D00FCD /* CCSpriteExtension.m */,
				07DF6BEA153318F500D00FCD /* KWAnimation.h */,
				07DF6BEB153318F500D00FCD /* KWAnimation.m */,
				07DF6BEC153318F500D00FCD /* KWGauge.h */,
				07DF6BED153318F500D00FCD /* KWGauge.m */,
				07DF6BEE153318F500D00FCD /* KWMessageWindow.h */,
				07DF6BEF153318F500D00FCD /* KWMessageWindow.m */,
				07DF6BF0153318F500D00FCD /* KWMessageWindowDelegate.h */,
				07DF6BF1153318F500D00FCD /* KWPieChart.h */,
				07DF6BF2153318F500D00FCD /* KWPieChart.m */,
				07DF6BF3153318F500D00FCD /* KWScrollLayer.h */,
				07DF6BF4153318F500D00FCD /* KWScrollLayer.m */,
				07DF6BF5153318F500D00FCD /* KWShadowLabelTTF.h */,
				07DF6BF6153318F500D00FCD /* KWShadowLabelTTF.m */,
				07DF6BF7153318F500D00FCD /* KWTimerLabel.h */,
				07DF6BF8153318F500D00FCD /* KWTimerLabel.m */,
			);
			path = sprite;
			sourceTree = "<group>";
		};
		07DF6BF9153318F500D00FCD /* util */ = {
			isa = PBXGroup;
			children = (
				07DF6BFA153318F500D00FCD /* KWDrawingPrimitives.h */,
				07DF6BFB153318F500D00FCD /* KWDrawingPrimitives.m */,
				07DF6BFC153318F500D00FCD /* KWRandom.h */,
				07DF6BFD153318F500D00FCD /* KWRandom.m */,
				07DF6BFE153318F500D00FCD /* KWSingleton.h */,
				07DF6BFF153318F500D00FCD /* KWSingleton.m */,
				07DF6C00153318F500D00FCD /* KWTimer.h */,
				07DF6C01153318F500D00FCD /* KWTimer.m */,
				07DF6C02153318F500D00FCD /* KWUtility.h */,
				07DF6C03153318F500D00FCD /* KWUtility.m */,
				07DF6C04153318F500D00FCD /* KWVector.h */,
				07DF6C05153318F500D00FCD /* KWVector.m */,
				07DF6C06153318F500D00FCD /* NSArrayExtension.h */,
				07DF6C07153318F500D00FCD /* NSArrayExtension.m */,
			);
			path = util;
			sourceTree = "<group>";
		};
		07DF6C1C1533191800D00FCD /* Model */ = {
			isa = PBXGroup;
			children = (
				07DF6C1D1533193D00D00FCD /* Fortress.h */,
				07DF6C1E1533193D00D00FCD /* Fortress.m */,
				07E10A75153630F40059EF9B /* Stage.h */,
				07E10A76153630F40059EF9B /* Stage.mm */,
			);
			name = Model;
			sourceTree = "<group>";
		};
		07DF6C201533196F00D00FCD /* Asset */ = {
			isa = PBXGroup;
			children = (
				07DF6C211533197600D00FCD /* Base */,
			);
			name = Asset;
			sourceTree = "<group>";
		};
		07DF6C211533197600D00FCD /* Base */ = {
			isa = PBXGroup;
			children = (
				07E10A53153478950059EF9B /* Asset.h */,
				07E10A54153478950059EF9B /* Asset.mm */,
				07E10A56153478F80059EF9B /* Block.h */,
				07E10A57153478F80059EF9B /* Block.mm */,
				07E10A59153479100059EF9B /* Character.h */,
				07E10A5A153479100059EF9B /* Character.mm */,
				07E10A5C15347A830059EF9B /* AssetManager.h */,
				07E10A5D15347A830059EF9B /* AssetManager.mm */,
				07E10A6A153594AF0059EF9B /* Shooter.h */,
				07E10A6B153594AF0059EF9B /* Shooter.mm */,
			);
			name = Base;
			sourceTree = "<group>";
		};
		07E10A40153320AB0059EF9B /* CCBox2D */ = {
			isa = PBXGroup;
			children = (
				07E10A41153320AB0059EF9B /* CCBodySprite.h */,
				07E10A42153320AB0059EF9B /* CCBodySprite.mm */,
				07E10A43153320AB0059EF9B /* CCBox2D.h */,
				07E10A44153320AB0059EF9B /* CCMotorSprite.h */,
				07E10A45153320AB0059EF9B /* CCMotorSprite.mm */,
				07E10A46153320AB0059EF9B /* CCSpringSprite.h */,
				07E10A47153320AB0059EF9B /* CCSpringSprite.mm */,
				07E10A48153320AB0059EF9B /* CCWorldLayer.h */,
				07E10A49153320AB0059EF9B /* CCWorldLayer.mm */,
			);
			path = CCBox2D;
			sourceTree = "<group>";
		};
		07E10A621534A5D90059EF9B /* Data */ = {
			isa = PBXGroup;
			children = (
				07E10A7B1536904C0059EF9B /* Fortress */,
				07E10A631534A6AA0059EF9B /* assets.lua */,
			);
			name = Data;
			sourceTree = "<group>";
		};
		07E10A651534A93E0059EF9B /* Image */ = {
			isa = PBXGroup;
			children = (
				07E10A7315362C9F0059EF9B /* bullet-hd.png */,
				07E10A71153627360059EF9B /* bullet.png */,
				07E10A661534A93E0059EF9B /* brick-hd.png */,
				07E10A671534A93E0059EF9B /* brick.png */,
			);
			path = Image;
			sourceTree = "<group>";
		};
		07E10A70153623B50059EF9B /* Weapon */ = {
			isa = PBXGroup;
			children = (
				07E10A6D153623B00059EF9B /* Bullet.h */,
				07E10A6E153623B10059EF9B /* Bullet.mm */,
			);
			name = Weapon;
			sourceTree = "<group>";
		};
		07E10A7B1536904C0059EF9B /* Fortress */ = {
			isa = PBXGroup;
			children = (
				07E10A7C153692210059EF9B /* test.lua */,
			);
			name = Fortress;
			sourceTree = "<group>";
		};
		DC193EBE13B6969B00500B56 /* David Gervais Tilesets */ = {
			isa = PBXGroup;
			children = (
				DC193EBF13B6969B00500B56 /* Author&License.txt */,
				DC193EC013B6969B00500B56 /* dg_grounds32.png */,
				07E10A51153329A10059EF9B /* blocks.png */,
			);
			path = "David Gervais Tilesets";
			sourceTree = "<group>";
		};
		DCC1A0D613A94EC0005BD75D = {
			isa = PBXGroup;
			children = (
				DCC1A38C13A94F1A005BD75D /* Projectfiles */,
				DCC1A0F713A94ED5005BD75D /* Projectfiles-iOS */,
				DCC1A26413A94EE6005BD75D /* Projectfiles-Mac */,
				DCFA90ED13B4F6A0009DD35A /* BuildSettings */,
				DCC1A0E613A94ED5005BD75D /* Frameworks */,
				DCC1A0E413A94ED5005BD75D /* Products */,
			);
			sourceTree = "<group>";
		};
		DCC1A0E413A94ED5005BD75D /* Products */ = {
			isa = PBXGroup;
			children = (
				DCC1A0E313A94ED5005BD75D /* Fortress-iOS.app */,
			);
			name = Products;
			sourceTree = "<group>";
		};
		DCC1A0E613A94ED5005BD75D /* Frameworks */ = {
			isa = PBXGroup;
			children = (
				07E10A40153320AB0059EF9B /* CCBox2D */,
				07DF6BD8153318F500D00FCD /* Heqet */,
			);
			name = Frameworks;
			sourceTree = "<group>";
		};
		DCC1A0F713A94ED5005BD75D /* Projectfiles-iOS */ = {
			isa = PBXGroup;
			children = (
				DCC1A0F813A94ED5005BD75D /* Resources */,
			);
			path = "Projectfiles-iOS";
			sourceTree = "<group>";
		};
		DCC1A0F813A94ED5005BD75D /* Resources */ = {
			isa = PBXGroup;
			children = (
				DCC1A0F913A94ED5005BD75D /* Default.png */,
				DCC1A0FB13A94ED5005BD75D /* fps_images.png */,
				DCC1A0FD13A94ED5005BD75D /* Icon-72.png */,
				DCC1A0FF13A94ED5005BD75D /* Icon-Small-50.png */,
				DCC1A10113A94ED5005BD75D /* Icon-Small.png */,
				DCC1A10313A94ED5005BD75D /* Icon-Small@2x.png */,
				DCC1A10513A94ED5005BD75D /* Icon.png */,
				DCC1A10713A94ED5005BD75D /* Icon@2x.png */,
				DCC1A10913A94ED5005BD75D /* Info.plist */,
				DCC1A10A13A94ED5005BD75D /* iTunesArtwork */,
			);
			name = Resources;
			sourceTree = "<group>";
		};
		DCC1A26413A94EE6005BD75D /* Projectfiles-Mac */ = {
			isa = PBXGroup;
			children = (
				DCC1A26513A94EE6005BD75D /* Resources */,
			);
			path = "Projectfiles-Mac";
			sourceTree = "<group>";
		};
		DCC1A26513A94EE6005BD75D /* Resources */ = {
			isa = PBXGroup;
			children = (
				DCC1A26D13A94EE6005BD75D /* fps_images.png */,
				DCC1A26F13A94EE6005BD75D /* icon.icns */,
				DCC1A27113A94EE6005BD75D /* Info.plist */,
				DCC1A26613A94EE6005BD75D /* English.lproj */,
			);
			name = Resources;
			sourceTree = "<group>";
		};
		DCC1A26613A94EE6005BD75D /* English.lproj */ = {
			isa = PBXGroup;
			children = (
				DCC1A26713A94EE6005BD75D /* InfoPlist.strings */,
				DCC1A26A13A94EE6005BD75D /* MainMenu.xib */,
			);
			name = English.lproj;
			sourceTree = "<group>";
		};
		DCC1A38C13A94F1A005BD75D /* Projectfiles */ = {
			isa = PBXGroup;
			children = (
				07E10A70153623B50059EF9B /* Weapon */,
				07DF6C201533196F00D00FCD /* Asset */,
				07DF6C1C1533191800D00FCD /* Model */,
				07DF6B88153316B400D00FCD /* Layer */,
				DC2A3EC2149A30B400EF78B0 /* Box2DDebugLayer.h */,
				DC2A3EC3149A30B400EF78B0 /* Box2DDebugLayer.mm */,
				DCC1A38F13A94F1A005BD75D /* PhysicsLayer.h */,
				DCC1A39013A94F1A005BD75D /* PhysicsLayer.mm */,
				DC193EBA13B6956F00500B56 /* ContactListener.h */,
				DC193EBB13B6956F00500B56 /* ContactListener.mm */,
				DC193EB313B6872600500B56 /* GLES-Render.mm */,
				DCC1A38D13A94F1A005BD75D /* AppDelegate.h */,
				DC193EB213B6872600500B56 /* GLES-Render.h */,
				DCC1A38E13A94F1A005BD75D /* AppDelegate.m */,
				DCC1A39413A94F1A005BD75D /* Resources */,
				DCC1A3CF13A94F2C005BD75D /* Supporting Files */,
			);
			path = Projectfiles;
			sourceTree = "<group>";
		};
		DCC1A39413A94F1A005BD75D /* Resources */ = {
			isa = PBXGroup;
			children = (
				07E10A651534A93E0059EF9B /* Image */,
				07E10A621534A5D90059EF9B /* Data */,
				DC193EBE13B6969B00500B56 /* David Gervais Tilesets */,
				DCC1A39513A94F1A005BD75D /* config.lua */,
			);
			path = Resources;
			sourceTree = "<group>";
		};
		DCC1A3CF13A94F2C005BD75D /* Supporting Files */ = {
			isa = PBXGroup;
			children = (
				DCC1A39113A94F1A005BD75D /* main.m */,
				DCC1A39213A94F1A005BD75D /* Prefix-iOS.pch */,
				DCC1A39313A94F1A005BD75D /* Prefix-Mac.pch */,
			);
			name = "Supporting Files";
			sourceTree = "<group>";
		};
		DCFA90ED13B4F6A0009DD35A /* BuildSettings */ = {
			isa = PBXGroup;
			children = (
				DCFA90EF13B4F6F7009DD35A /* BuildSettings-Debug-iOS.xcconfig */,
				DCFA90F013B4F811009DD35A /* BuildSettings-Release-iOS.xcconfig */,
				DC3BE97813B4FB71003739CC /* BuildSettings-iOS.xcconfig */,
				DC9C33E713B5024400931BF2 /* BuildSettings-Debug-Mac.xcconfig */,
				DC9C33E913B5024400931BF2 /* BuildSettings-Release-Mac.xcconfig */,
				DC9C33E813B5024400931BF2 /* BuildSettings-Mac.xcconfig */,
			);
			path = BuildSettings;
			sourceTree = "<group>";
		};
/* End PBXGroup section */

/* Begin PBXNativeTarget section */
		DCC1A0E213A94ED5005BD75D /* Fortress-iOS */ = {
			isa = PBXNativeTarget;
			buildConfigurationList = DCC1A25313A94ED7005BD75D /* Build configuration list for PBXNativeTarget "Fortress-iOS" */;
			buildPhases = (
				DCC1A0DF13A94ED5005BD75D /* Sources */,
				DCC1A0E013A94ED5005BD75D /* Frameworks */,
				DCC1A0E113A94ED5005BD75D /* Resources */,
			);
			buildRules = (
			);
			dependencies = (
			);
			name = "Fortress-iOS";
			productName = "Hello-World-iOS";
			productReference = DCC1A0E313A94ED5005BD75D /* Fortress-iOS.app */;
			productType = "com.apple.product-type.application";
		};
/* End PBXNativeTarget section */

/* Begin PBXProject section */
		DCC1A0D813A94EC0005BD75D /* Project object */ = {
			isa = PBXProject;
			attributes = {
				LastUpgradeCheck = 0420;
			};
			buildConfigurationList = DCC1A0DB13A94EC0005BD75D /* Build configuration list for PBXProject "Fortress" */;
			compatibilityVersion = "Xcode 3.2";
			developmentRegion = English;
			hasScannedForEncodings = 0;
			knownRegions = (
				en,
				English,
			);
			mainGroup = DCC1A0D613A94EC0005BD75D;
			productRefGroup = DCC1A0E413A94ED5005BD75D /* Products */;
			projectDirPath = "";
			projectRoot = "";
			targets = (
				DCC1A0E213A94ED5005BD75D /* Fortress-iOS */,
			);
		};
/* End PBXProject section */

/* Begin PBXResourcesBuildPhase section */
		DCC1A0E113A94ED5005BD75D /* Resources */ = {
			isa = PBXResourcesBuildPhase;
			buildActionMask = 2147483647;
			files = (
				DCC1A0FA13A94ED5005BD75D /* Default.png in Resources */,
				DCC1A0FC13A94ED5005BD75D /* fps_images.png in Resources */,
				DCC1A0FE13A94ED5005BD75D /* Icon-72.png in Resources */,
				DCC1A10013A94ED5005BD75D /* Icon-Small-50.png in Resources */,
				DCC1A10213A94ED5005BD75D /* Icon-Small.png in Resources */,
				DCC1A10413A94ED5005BD75D /* Icon-Small@2x.png in Resources */,
				DCC1A10613A94ED5005BD75D /* Icon.png in Resources */,
				DCC1A10813A94ED5005BD75D /* Icon@2x.png in Resources */,
				DCC1A10B13A94ED5005BD75D /* iTunesArtwork in Resources */,
				DCC1A3AF13A94F1A005BD75D /* config.lua in Resources */,
				DC193EC113B6969B00500B56 /* Author&License.txt in Resources */,
				DC193EC313B6969B00500B56 /* dg_grounds32.png in Resources */,
				07E10A52153329A10059EF9B /* blocks.png in Resources */,
				07E10A641534A6AA0059EF9B /* assets.lua in Resources */,
				07E10A681534A93E0059EF9B /* brick-hd.png in Resources */,
				07E10A691534A93E0059EF9B /* brick.png in Resources */,
				07E10A72153627360059EF9B /* bullet.png in Resources */,
				07E10A7415362C9F0059EF9B /* bullet-hd.png in Resources */,
				07E10A7D153692210059EF9B /* test.lua in Resources */,
			);
			runOnlyForDeploymentPostprocessing = 0;
		};
/* End PBXResourcesBuildPhase section */

/* Begin PBXSourcesBuildPhase section */
		DCC1A0DF13A94ED5005BD75D /* Sources */ = {
			isa = PBXSourcesBuildPhase;
			buildActionMask = 2147483647;
			files = (
				DCC1A3A913A94F1A005BD75D /* AppDelegate.m in Sources */,
				DCC1A3AB13A94F1A005BD75D /* PhysicsLayer.mm in Sources */,
				DCC1A3AD13A94F1A005BD75D /* main.m in Sources */,
				DC193EB813B692D100500B56 /* GLES-Render.mm in Sources */,
				DC193EBC13B6956F00500B56 /* ContactListener.mm in Sources */,
				DC2A3EC4149A30B400EF78B0 /* Box2DDebugLayer.mm in Sources */,
				07DF6C08153318F500D00FCD /* KWMusicManager.m in Sources */,
				07DF6C09153318F500D00FCD /* tinymt32.c in Sources */,
				07DF6C0A153318F500D00FCD /* KWLayer.m in Sources */,
				07DF6C0B153318F500D00FCD /* KWState.m in Sources */,
				07DF6C0C153318F500D00FCD /* KWStateManager.m in Sources */,
				07DF6C0D153318F500D00FCD /* CCSpriteExtension.m in Sources */,
				07DF6C0E153318F500D00FCD /* KWAnimation.m in Sources */,
				07DF6C0F153318F500D00FCD /* KWGauge.m in Sources */,
				07DF6C10153318F500D00FCD /* KWMessageWindow.m in Sources */,
				07DF6C11153318F500D00FCD /* KWPieChart.m in Sources */,
				07DF6C12153318F500D00FCD /* KWScrollLayer.m in Sources */,
				07DF6C13153318F500D00FCD /* KWShadowLabelTTF.m in Sources */,
				07DF6C14153318F500D00FCD /* KWTimerLabel.m in Sources */,
				07DF6C15153318F500D00FCD /* KWDrawingPrimitives.m in Sources */,
				07DF6C16153318F500D00FCD /* KWRandom.m in Sources */,
				07DF6C17153318F500D00FCD /* KWSingleton.m in Sources */,
				07DF6C18153318F500D00FCD /* KWTimer.m in Sources */,
				07DF6C19153318F500D00FCD /* KWUtility.m in Sources */,
				07DF6C1A153318F500D00FCD /* KWVector.m in Sources */,
				07DF6C1B153318F500D00FCD /* NSArrayExtension.m in Sources */,
				07DF6C1F1533193D00D00FCD /* Fortress.m in Sources */,
				07E10A4A153320AB0059EF9B /* CCBodySprite.mm in Sources */,
				07E10A4B153320AB0059EF9B /* CCMotorSprite.mm in Sources */,
				07E10A4C153320AB0059EF9B /* CCSpringSprite.mm in Sources */,
				07E10A4D153320AB0059EF9B /* CCWorldLayer.mm in Sources */,
				07E10A50153324070059EF9B /* EditLayer.mm in Sources */,
				07E10A55153478950059EF9B /* Asset.mm in Sources */,
				07E10A58153478F80059EF9B /* Block.mm in Sources */,
				07E10A5B153479100059EF9B /* Character.mm in Sources */,
				07E10A5E15347A830059EF9B /* AssetManager.mm in Sources */,
				07E10A61153496C80059EF9B /* MainLayer.mm in Sources */,
				07E10A6C153594AF0059EF9B /* Shooter.mm in Sources */,
				07E10A6F153623B10059EF9B /* Bullet.mm in Sources */,
				07E10A77153630F40059EF9B /* Stage.mm in Sources */,
			);
			runOnlyForDeploymentPostprocessing = 0;
		};
/* End PBXSourcesBuildPhase section */

/* Begin PBXVariantGroup section */
		DCC1A26713A94EE6005BD75D /* InfoPlist.strings */ = {
			isa = PBXVariantGroup;
			children = (
				DCC1A26813A94EE6005BD75D /* English */,
			);
			name = InfoPlist.strings;
			sourceTree = "<group>";
		};
		DCC1A26A13A94EE6005BD75D /* MainMenu.xib */ = {
			isa = PBXVariantGroup;
			children = (
				DCC1A26B13A94EE6005BD75D /* English */,
			);
			name = MainMenu.xib;
			sourceTree = "<group>";
		};
/* End PBXVariantGroup section */

/* Begin XCBuildConfiguration section */
		DCC1A0DD13A94EC0005BD75D /* Debug */ = {
			isa = XCBuildConfiguration;
			buildSettings = {
				CLANG_WARN_OBJCPP_ARC_ABI = YES;
			};
			name = Debug;
		};
		DCC1A0DE13A94EC0005BD75D /* Release */ = {
			isa = XCBuildConfiguration;
			buildSettings = {
				CLANG_WARN_OBJCPP_ARC_ABI = YES;
			};
			name = Release;
		};
		DCC1A25413A94ED7005BD75D /* Debug */ = {
			isa = XCBuildConfiguration;
			baseConfigurationReference = DCFA90EF13B4F6F7009DD35A /* BuildSettings-Debug-iOS.xcconfig */;
			buildSettings = {
				IPHONEOS_DEPLOYMENT_TARGET = 5.0;
				LIBRARY_SEARCH_PATHS = (
					"$(inherited)",
					"\"$(SRCROOT)/../__Kobold2D__/libs/GoogleAdMobAdsSDK\"",
				);
			};
			name = Debug;
		};
		DCC1A25513A94ED7005BD75D /* Release */ = {
			isa = XCBuildConfiguration;
			baseConfigurationReference = DCFA90F013B4F811009DD35A /* BuildSettings-Release-iOS.xcconfig */;
			buildSettings = {
				IPHONEOS_DEPLOYMENT_TARGET = 5.0;
				LIBRARY_SEARCH_PATHS = (
					"$(inherited)",
					"\"$(SRCROOT)/../__Kobold2D__/libs/GoogleAdMobAdsSDK\"",
				);
			};
			name = Release;
		};
/* End XCBuildConfiguration section */

/* Begin XCConfigurationList section */
		DCC1A0DB13A94EC0005BD75D /* Build configuration list for PBXProject "Fortress" */ = {
			isa = XCConfigurationList;
			buildConfigurations = (
				DCC1A0DD13A94EC0005BD75D /* Debug */,
				DCC1A0DE13A94EC0005BD75D /* Release */,
			);
			defaultConfigurationIsVisible = 0;
			defaultConfigurationName = Release;
		};
		DCC1A25313A94ED7005BD75D /* Build configuration list for PBXNativeTarget "Fortress-iOS" */ = {
			isa = XCConfigurationList;
			buildConfigurations = (
				DCC1A25413A94ED7005BD75D /* Debug */,
				DCC1A25513A94ED7005BD75D /* Release */,
			);
			defaultConfigurationIsVisible = 0;
			defaultConfigurationName = Release;
		};
/* End XCConfigurationList section */
	};
	rootObject = DCC1A0D813A94EC0005BD75D /* Project object */;
}
